lockfileVersion: '9.0'

settings:
  autoInstallPeers: true
  excludeLinksFromLockfile: false

importers:

  .:
    dependencies:
      '@sinclair/typebox':
        specifier: ^0.34.50
        version: 0.34.50
    devDependencies:
      typescript:
        specifier: ^5.9.3
        version: 5.9.3

packages:

  '@sinclair/typebox@0.34.50':
    resolution: {integrity: sha512-ydBWw0G6WFwWHzh9RK4B5c690UkreOG0llq0r+DaI7LgKgxigf8mhHzIPI3S0850g1BPkq/zpuCfrq4QFgUlTQ==}

  typescript@5.9.3:
    resolution: {integrity: sha512-jl1vZzPDinLr9eUt3J/t7V6FgNEw9QjvBPdysz9KfQDD41fQrC2Y4vKQdiaUpFT4bXlb1RHhLpp8wtm6M5TgSw==}
    engines: {node: '>=14.17'}
    hasBin: true

snapshots:

  '@sinclair/typebox@0.34.50': {}

  typescript@5.9.3: {}
